
Microsoft Visual Studio Solution File, Format Version 12.00
# Visual Studio Version 17
VisualStudioVersion = 17.3.32929.385
MinimumVisualStudioVersion = 10.0.40219.1
Project("{9A19103F-16F7-4668-BE54-9A1E7A4F7556}") = "WebProject", "WebProject.csproj", "{E229038A-555A-4523-BC05-1AEC2E43A44B}"
EndProject
Project("{9A19103F-16F7-4668-BE54-9A1E7A4F7556}") = "WebProject.DataAccess", "..\WebProject.DataAccess\WebProject.DataAccess.csproj", "{C7C720FC-D9B3-46BF-99BB-1130889F3FBB}"
EndProject
Project("{9A19103F-16F7-4668-BE54-9A1E7A4F7556}") = "WebProject.Models", "..\WebProject.Models\WebProject.Models.csproj", "{61B8EBD4-4FD9-438C-AA15-999A6FD7F8E4}"
EndProject
Project("{9A19103F-16F7-4668-BE54-9A1E7A4F7556}") = "WebProject.Utility", "..\WebProject.Utility\WebProject.Utility.csproj", "{912F795B-BE1B-49BE-B7C7-A75186DBDA7D}"
EndProject
Global
	GlobalSection(SolutionConfigurationPlatforms) = preSolution
		Debug|Any CPU = Debug|Any CPU
		Release|Any CPU = Release|Any CPU
	EndGlobalSection
	GlobalSection(ProjectConfigurationPlatforms) = postSolution
		{E229038A-555A-4523-BC05-1AEC2E43A44B}.Debug|Any CPU.ActiveCfg = Debug|Any CPU
		{E229038A-555A-4523-BC05-1AEC2E43A44B}.Debug|Any CPU.Build.0 = Debug|Any CPU
		{E229038A-555A-4523-BC05-1AEC2E43A44B}.Release|Any CPU.ActiveCfg = Release|Any CPU
		{E229038A-555A-4523-BC05-1AEC2E43A44B}.Release|Any CPU.Build.0 = Release|Any CPU
		{C7C720FC-D9B3-46BF-99BB-1130889F3FBB}.Debug|Any CPU.ActiveCfg = Debug|Any CPU
		{C7C720FC-D9B3-46BF-99BB-1130889F3FBB}.Debug|Any CPU.Build.0 = Debug|Any CPU
		{C7C720FC-D9B3-46BF-99BB-1130889F3FBB}.Release|Any CPU.ActiveCfg = Release|Any CPU
		{C7C720FC-D9B3-46BF-99BB-1130889F3FBB}.Release|Any CPU.Build.0 = Release|Any CPU
		{61B8EBD4-4FD9-438C-AA15-999A6FD7F8E4}.Debug|Any CPU.ActiveCfg = Debug|Any CPU
		{61B8EBD4-4FD9-438C-AA15-999A6FD7F8E4}.Debug|Any CPU.Build.0 = Debug|Any CPU
		{61B8EBD4-4FD9-438C-AA15-999A6FD7F8E4}.Release|Any CPU.ActiveCfg = Release|Any CPU
		{61B8EBD4-4FD9-438C-AA15-999A6FD7F8E4}.Release|Any CPU.Build.0 = Release|Any CPU
		{912F795B-BE1B-49BE-B7C7-A75186DBDA7D}.Debug|Any CPU.ActiveCfg = Debug|Any CPU
		{912F795B-BE1B-49BE-B7C7-A75186DBDA7D}.Debug|Any CPU.Build.0 = Debug|Any CPU
		{912F795B-BE1B-49BE-B7C7-A75186DBDA7D}.Release|Any CPU.ActiveCfg = Release|Any CPU
		{912F795B-BE1B-49BE-B7C7-A75186DBDA7D}.Release|Any CPU.Build.0 = Release|Any CPU
	EndGlobalSection
	GlobalSection(SolutionProperties) = preSolution
		HideSolutionNode = FALSE
	EndGlobalSection
	GlobalSection(ExtensibilityGlobals) = postSolution
		SolutionGuid = {5687DAAD-B88E-4F87-8EC9-5E85583445CF}
	EndGlobalSection
EndGlobal
